// !$*UTF8*$!
{
	archiveVersion = 1;
	classes = {
	};
	objectVersion = 45;
	objects = {

/* Begin PBXBuildFile section */
		1DDD58160DA1D0A300B32029 /* UI.xib in Resources */ = {isa = PBXBuildFile; fileRef = 1DDD58140DA1D0A300B32029 /* UI.xib */; };
		37753DCD10E5639C00A21D89 /* MainController.m in Sources */ = {isa = PBXBuildFile; fileRef = 37753DCC10E5639C00A21D89 /* MainController.m */; };
		37753DD110E563E600A21D89 /* WifiNotificationListener.m in Sources */ = {isa = PBXBuildFile; fileRef = 37753DD010E563E600A21D89 /* WifiNotificationListener.m */; };
		37753DD410E563F300A21D89 /* BluetoothNotificationListener.m in Sources */ = {isa = PBXBuildFile; fileRef = 37753DD310E563F300A21D89 /* BluetoothNotificationListener.m */; };
		37753E6410E56C9700A21D89 /* NotificationManager.m in Sources */ = {isa = PBXBuildFile; fileRef = 37753E6310E56C9700A21D89 /* NotificationManager.m */; };
		37753E6710E56CA800A21D89 /* NotificationView.m in Sources */ = {isa = PBXBuildFile; fileRef = 37753E6610E56CA800A21D89 /* NotificationView.m */; };
		37753E6F10E56E0300A21D89 /* Notification.m in Sources */ = {isa = PBXBuildFile; fileRef = 37753E6E10E56E0300A21D89 /* Notification.m */; };
		37753F7410E5893600A21D89 /* AsyncUdpSocket.m in Sources */ = {isa = PBXBuildFile; fileRef = 37753F7310E5893600A21D89 /* AsyncUdpSocket.m */; };
		3775407F10E5B1C800A21D89 /* Growl.m in Sources */ = {isa = PBXBuildFile; fileRef = 3775407E10E5B1C800A21D89 /* Growl.m */; };
		377540C910E5B64500A21D89 /* Growl.framework in Frameworks */ = {isa = PBXBuildFile; fileRef = 377540C810E5B64500A21D89 /* Growl.framework */; };
		3775410110E5BDB200A21D89 /* Growl.framework in Copy Frameworks */ = {isa = PBXBuildFile; fileRef = 377540C810E5B64500A21D89 /* Growl.framework */; };
		3775412510E5BDF300A21D89 /* MacDroidNotifier.growlRegDict in Resources */ = {isa = PBXBuildFile; fileRef = 3775407C10E5B10D00A21D89 /* MacDroidNotifier.growlRegDict */; };
		3775423010E5D2E000A21D89 /* IOBluetooth.framework in Frameworks */ = {isa = PBXBuildFile; fileRef = 3775422E10E5D2E000A21D89 /* IOBluetooth.framework */; };
		3775423110E5D2E000A21D89 /* IOBluetoothUI.framework in Frameworks */ = {isa = PBXBuildFile; fileRef = 3775422F10E5D2E000A21D89 /* IOBluetoothUI.framework */; };
		3775426910E5D70900A21D89 /* BluetoothService.plist in Resources */ = {isa = PBXBuildFile; fileRef = 3775426810E5D70900A21D89 /* BluetoothService.plist */; };
		378BBCEA10E97A66008D07A1 /* Localizable.strings in Resources */ = {isa = PBXBuildFile; fileRef = 378BBCE810E97A66008D07A1 /* Localizable.strings */; };
		379B996E10E803DD007B1FCA /* menuicon.png in Resources */ = {isa = PBXBuildFile; fileRef = 379B996D10E803DD007B1FCA /* menuicon.png */; };
		379B99AC10E83A6D007B1FCA /* Preferences.m in Sources */ = {isa = PBXBuildFile; fileRef = 379B99AB10E83A6D007B1FCA /* Preferences.m */; };
		379B9A6310E87759007B1FCA /* StartupItem.m in Sources */ = {isa = PBXBuildFile; fileRef = 379B9A6210E87759007B1FCA /* StartupItem.m */; };
		8D11072B0486CEB800E47090 /* InfoPlist.strings in Resources */ = {isa = PBXBuildFile; fileRef = 089C165CFE840E0CC02AAC07 /* InfoPlist.strings */; };
		8D11072D0486CEB800E47090 /* main.m in Sources */ = {isa = PBXBuildFile; fileRef = 29B97316FDCFA39411CA2CEA /* main.m */; settings = {ATTRIBUTES = (); }; };
		8D11072F0486CEB800E47090 /* Cocoa.framework in Frameworks */ = {isa = PBXBuildFile; fileRef = 1058C7A1FEA54F0111CA2CBB /* Cocoa.framework */; };
/* End PBXBuildFile section */

/* Begin PBXCopyFilesBuildPhase section */
		3775412310E5BDB800A21D89 /* Copy Frameworks */ = {
			isa = PBXCopyFilesBuildPhase;
			buildActionMask = 2147483647;
			dstPath = "";
			dstSubfolderSpec = 10;
			files = (
				3775410110E5BDB200A21D89 /* Growl.framework in Copy Frameworks */,
			);
			name = "Copy Frameworks";
			runOnlyForDeploymentPostprocessing = 0;
		};
/* End PBXCopyFilesBuildPhase section */

/* Begin PBXFileReference section */
		089C165DFE840E0CC02AAC07 /* English */ = {isa = PBXFileReference; fileEncoding = 10; lastKnownFileType = text.plist.strings; name = English; path = English.lproj/InfoPlist.strings; sourceTree = "<group>"; };
		1058C7A1FEA54F0111CA2CBB /* Cocoa.framework */ = {isa = PBXFileReference; lastKnownFileType = wrapper.framework; name = Cocoa.framework; path = /System/Library/Frameworks/Cocoa.framework; sourceTree = "<absolute>"; };
		13E42FB307B3F0F600E4EEF1 /* CoreData.framework */ = {isa = PBXFileReference; lastKnownFileType = wrapper.framework; name = CoreData.framework; path = /System/Library/Frameworks/CoreData.framework; sourceTree = "<absolute>"; };
		1DDD58150DA1D0A300B32029 /* English */ = {isa = PBXFileReference; lastKnownFileType = file.xib; name = English; path = English.lproj/UI.xib; sourceTree = "<group>"; };
		29B97316FDCFA39411CA2CEA /* main.m */ = {isa = PBXFileReference; fileEncoding = 4; lastKnownFileType = sourcecode.c.objc; path = main.m; sourceTree = "<group>"; };
		29B97324FDCFA39411CA2CEA /* AppKit.framework */ = {isa = PBXFileReference; lastKnownFileType = wrapper.framework; name = AppKit.framework; path = /System/Library/Frameworks/AppKit.framework; sourceTree = "<absolute>"; };
		29B97325FDCFA39411CA2CEA /* Foundation.framework */ = {isa = PBXFileReference; lastKnownFileType = wrapper.framework; name = Foundation.framework; path = /System/Library/Frameworks/Foundation.framework; sourceTree = "<absolute>"; };
		32CA4F630368D1EE00C91783 /* MacDroidNotifier_Prefix.pch */ = {isa = PBXFileReference; fileEncoding = 4; lastKnownFileType = sourcecode.c.h; path = MacDroidNotifier_Prefix.pch; sourceTree = "<group>"; };
		37753DCB10E5639C00A21D89 /* MainController.h */ = {isa = PBXFileReference; fileEncoding = 4; lastKnownFileType = sourcecode.c.h; path = MainController.h; sourceTree = "<group>"; };
		37753DCC10E5639C00A21D89 /* MainController.m */ = {isa = PBXFileReference; fileEncoding = 4; lastKnownFileType = sourcecode.c.objc; path = MainController.m; sourceTree = "<group>"; };
		37753DCF10E563E600A21D89 /* WifiNotificationListener.h */ = {isa = PBXFileReference; fileEncoding = 4; lastKnownFileType = sourcecode.c.h; path = WifiNotificationListener.h; sourceTree = "<group>"; };
		37753DD010E563E600A21D89 /* WifiNotificationListener.m */ = {isa = PBXFileReference; fileEncoding = 4; lastKnownFileType = sourcecode.c.objc; path = WifiNotificationListener.m; sourceTree = "<group>"; };
		37753DD210E563F300A21D89 /* BluetoothNotificationListener.h */ = {isa = PBXFileReference; fileEncoding = 4; lastKnownFileType = sourcecode.c.h; path = BluetoothNotificationListener.h; sourceTree = "<group>"; };
		37753DD310E563F300A21D89 /* BluetoothNotificationListener.m */ = {isa = PBXFileReference; fileEncoding = 4; lastKnownFileType = sourcecode.c.objc; path = BluetoothNotificationListener.m; sourceTree = "<group>"; };
		37753E6210E56C9700A21D89 /* NotificationManager.h */ = {isa = PBXFileReference; fileEncoding = 4; lastKnownFileType = sourcecode.c.h; path = NotificationManager.h; sourceTree = "<group>"; };
		37753E6310E56C9700A21D89 /* NotificationManager.m */ = {isa = PBXFileReference; fileEncoding = 4; lastKnownFileType = sourcecode.c.objc; path = NotificationManager.m; sourceTree = "<group>"; };
		37753E6510E56CA800A21D89 /* NotificationView.h */ = {isa = PBXFileReference; fileEncoding = 4; lastKnownFileType = sourcecode.c.h; path = NotificationView.h; sourceTree = "<group>"; };
		37753E6610E56CA800A21D89 /* NotificationView.m */ = {isa = PBXFileReference; fileEncoding = 4; lastKnownFileType = sourcecode.c.objc; path = NotificationView.m; sourceTree = "<group>"; };
		37753E6D10E56E0300A21D89 /* Notification.h */ = {isa = PBXFileReference; fileEncoding = 4; lastKnownFileType = sourcecode.c.h; path = Notification.h; sourceTree = "<group>"; };
		37753E6E10E56E0300A21D89 /* Notification.m */ = {isa = PBXFileReference; fileEncoding = 4; lastKnownFileType = sourcecode.c.objc; path = Notification.m; sourceTree = "<group>"; };
		37753E9E10E56E7300A21D89 /* NotificationListener.h */ = {isa = PBXFileReference; fileEncoding = 4; lastKnownFileType = sourcecode.c.h; path = NotificationListener.h; sourceTree = "<group>"; };
		37753F7210E5893600A21D89 /* AsyncUdpSocket.h */ = {isa = PBXFileReference; fileEncoding = 4; lastKnownFileType = sourcecode.c.h; path = AsyncUdpSocket.h; sourceTree = "<group>"; };
		37753F7310E5893600A21D89 /* AsyncUdpSocket.m */ = {isa = PBXFileReference; fileEncoding = 4; lastKnownFileType = sourcecode.c.objc; path = AsyncUdpSocket.m; sourceTree = "<group>"; };
		3775407C10E5B10D00A21D89 /* MacDroidNotifier.growlRegDict */ = {isa = PBXFileReference; fileEncoding = 4; lastKnownFileType = text.xml; path = MacDroidNotifier.growlRegDict; sourceTree = "<group>"; };
		3775407D10E5B1C800A21D89 /* Growl.h */ = {isa = PBXFileReference; fileEncoding = 4; lastKnownFileType = sourcecode.c.h; path = Growl.h; sourceTree = "<group>"; };
		3775407E10E5B1C800A21D89 /* Growl.m */ = {isa = PBXFileReference; fileEncoding = 4; lastKnownFileType = sourcecode.c.objc; path = Growl.m; sourceTree = "<group>"; };
		377540C810E5B64500A21D89 /* Growl.framework */ = {isa = PBXFileReference; lastKnownFileType = wrapper.framework; path = Growl.framework; sourceTree = SOURCE_ROOT; };
		3775422E10E5D2E000A21D89 /* IOBluetooth.framework */ = {isa = PBXFileReference; lastKnownFileType = wrapper.framework; name = IOBluetooth.framework; path = /System/Library/Frameworks/IOBluetooth.framework; sourceTree = "<absolute>"; };
		3775422F10E5D2E000A21D89 /* IOBluetoothUI.framework */ = {isa = PBXFileReference; lastKnownFileType = wrapper.framework; name = IOBluetoothUI.framework; path = /System/Library/Frameworks/IOBluetoothUI.framework; sourceTree = "<absolute>"; };
		3775426810E5D70900A21D89 /* BluetoothService.plist */ = {isa = PBXFileReference; fileEncoding = 4; lastKnownFileType = text.plist.xml; path = BluetoothService.plist; sourceTree = "<group>"; };
		378BBCE910E97A66008D07A1 /* English */ = {isa = PBXFileReference; fileEncoding = 10; lastKnownFileType = text.plist.strings; name = English; path = English.lproj/Localizable.strings; sourceTree = "<group>"; };
		378BBCFB10E97ACC008D07A1 /* pt_BR */ = {isa = PBXFileReference; lastKnownFileType = text.plist.strings; name = pt_BR; path = pt_BR.lproj/Localizable.strings; sourceTree = "<group>"; };
		379B996D10E803DD007B1FCA /* menuicon.png */ = {isa = PBXFileReference; lastKnownFileType = image.png; path = menuicon.png; sourceTree = "<group>"; };
		379B99AA10E83A6D007B1FCA /* Preferences.h */ = {isa = PBXFileReference; fileEncoding = 4; lastKnownFileType = sourcecode.c.h; path = Preferences.h; sourceTree = "<group>"; };
		379B99AB10E83A6D007B1FCA /* Preferences.m */ = {isa = PBXFileReference; fileEncoding = 4; lastKnownFileType = sourcecode.c.objc; path = Preferences.m; sourceTree = "<group>"; };
		379B9A6110E87759007B1FCA /* StartupItem.h */ = {isa = PBXFileReference; fileEncoding = 4; lastKnownFileType = sourcecode.c.h; path = StartupItem.h; sourceTree = "<group>"; };
		379B9A6210E87759007B1FCA /* StartupItem.m */ = {isa = PBXFileReference; fileEncoding = 4; lastKnownFileType = sourcecode.c.objc; path = StartupItem.m; sourceTree = "<group>"; };
		8D1107310486CEB800E47090 /* Info.plist */ = {isa = PBXFileReference; fileEncoding = 4; lastKnownFileType = text.plist.xml; path = Info.plist; sourceTree = "<group>"; };
		8D1107320486CEB800E47090 /* MacDroidNotifier.app */ = {isa = PBXFileReference; explicitFileType = wrapper.application; includeInIndex = 0; path = MacDroidNotifier.app; sourceTree = BUILT_PRODUCTS_DIR; };
/* End PBXFileReference section */

/* Begin PBXFrameworksBuildPhase section */
		8D11072E0486CEB800E47090 /* Frameworks */ = {
			isa = PBXFrameworksBuildPhase;
			buildActionMask = 2147483647;
			files = (
				8D11072F0486CEB800E47090 /* Cocoa.framework in Frameworks */,
				377540C910E5B64500A21D89 /* Growl.framework in Frameworks */,
				3775423010E5D2E000A21D89 /* IOBluetooth.framework in Frameworks */,
				3775423110E5D2E000A21D89 /* IOBluetoothUI.framework in Frameworks */,
			);
			runOnlyForDeploymentPostprocessing = 0;
		};
/* End PBXFrameworksBuildPhase section */

/* Begin PBXGroup section */
		080E96DDFE201D6D7F000001 /* UI Classes */ = {
			isa = PBXGroup;
			children = (
				37753DCB10E5639C00A21D89 /* MainController.h */,
				37753DCC10E5639C00A21D89 /* MainController.m */,
				37753E6510E56CA800A21D89 /* NotificationView.h */,
				37753E6610E56CA800A21D89 /* NotificationView.m */,
				3775407D10E5B1C800A21D89 /* Growl.h */,
				3775407E10E5B1C800A21D89 /* Growl.m */,
				379B99AA10E83A6D007B1FCA /* Preferences.h */,
				379B99AB10E83A6D007B1FCA /* Preferences.m */,
			);
			name = "UI Classes";
			sourceTree = "<group>";
		};
		1058C7A0FEA54F0111CA2CBB /* Linked Frameworks */ = {
			isa = PBXGroup;
			children = (
				3775422E10E5D2E000A21D89 /* IOBluetooth.framework */,
				3775422F10E5D2E000A21D89 /* IOBluetoothUI.framework */,
				377540C810E5B64500A21D89 /* Growl.framework */,
				1058C7A1FEA54F0111CA2CBB /* Cocoa.framework */,
			);
			name = "Linked Frameworks";
			sourceTree = "<group>";
		};
		1058C7A2FEA54F0111CA2CBB /* Other Frameworks */ = {
			isa = PBXGroup;
			children = (
				29B97324FDCFA39411CA2CEA /* AppKit.framework */,
				13E42FB307B3F0F600E4EEF1 /* CoreData.framework */,
				29B97325FDCFA39411CA2CEA /* Foundation.framework */,
			);
			name = "Other Frameworks";
			sourceTree = "<group>";
		};
		19C28FACFE9D520D11CA2CBB /* Products */ = {
			isa = PBXGroup;
			children = (
				8D1107320486CEB800E47090 /* MacDroidNotifier.app */,
			);
			name = Products;
			sourceTree = "<group>";
		};
		29B97314FDCFA39411CA2CEA /* MacDroidNotifier */ = {
			isa = PBXGroup;
			children = (
				37753DBA10E562CA00A21D89 /* Notifications */,
				080E96DDFE201D6D7F000001 /* UI Classes */,
				29B97315FDCFA39411CA2CEA /* Other Sources */,
				29B97317FDCFA39411CA2CEA /* Resources */,
				37753F7110E5891500A21D89 /* Utilities */,
				29B97323FDCFA39411CA2CEA /* Frameworks */,
				19C28FACFE9D520D11CA2CBB /* Products */,
			);
			name = MacDroidNotifier;
			sourceTree = "<group>";
		};
		29B97315FDCFA39411CA2CEA /* Other Sources */ = {
			isa = PBXGroup;
			children = (
				32CA4F630368D1EE00C91783 /* MacDroidNotifier_Prefix.pch */,
				29B97316FDCFA39411CA2CEA /* main.m */,
			);
			name = "Other Sources";
			sourceTree = "<group>";
		};
		29B97317FDCFA39411CA2CEA /* Resources */ = {
			isa = PBXGroup;
			children = (
				378BBCE810E97A66008D07A1 /* Localizable.strings */,
				379B996D10E803DD007B1FCA /* menuicon.png */,
				3775426810E5D70900A21D89 /* BluetoothService.plist */,
				8D1107310486CEB800E47090 /* Info.plist */,
				089C165CFE840E0CC02AAC07 /* InfoPlist.strings */,
				1DDD58140DA1D0A300B32029 /* UI.xib */,
				3775407C10E5B10D00A21D89 /* MacDroidNotifier.growlRegDict */,
			);
			name = Resources;
			sourceTree = "<group>";
		};
		29B97323FDCFA39411CA2CEA /* Frameworks */ = {
			isa = PBXGroup;
			children = (
				1058C7A0FEA54F0111CA2CBB /* Linked Frameworks */,
				1058C7A2FEA54F0111CA2CBB /* Other Frameworks */,
			);
			name = Frameworks;
			sourceTree = "<group>";
		};
		37753DBA10E562CA00A21D89 /* Notifications */ = {
			isa = PBXGroup;
			children = (
				37753E6D10E56E0300A21D89 /* Notification.h */,
				37753E6E10E56E0300A21D89 /* Notification.m */,
				37753E6210E56C9700A21D89 /* NotificationManager.h */,
				37753E6310E56C9700A21D89 /* NotificationManager.m */,
				37753E9E10E56E7300A21D89 /* NotificationListener.h */,
				37753DD210E563F300A21D89 /* BluetoothNotificationListener.h */,
				37753DD310E563F300A21D89 /* BluetoothNotificationListener.m */,
				37753DCF10E563E600A21D89 /* WifiNotificationListener.h */,
				37753DD010E563E600A21D89 /* WifiNotificationListener.m */,
			);
			name = Notifications;
			sourceTree = "<group>";
		};
		37753F7110E5891500A21D89 /* Utilities */ = {
			isa = PBXGroup;
			children = (
				37753F7210E5893600A21D89 /* AsyncUdpSocket.h */,
				37753F7310E5893600A21D89 /* AsyncUdpSocket.m */,
				379B9A6110E87759007B1FCA /* StartupItem.h */,
				379B9A6210E87759007B1FCA /* StartupItem.m */,
			);
			name = Utilities;
			sourceTree = "<group>";
		};
/* End PBXGroup section */

/* Begin PBXNativeTarget section */
		8D1107260486CEB800E47090 /* MacDroidNotifier */ = {
			isa = PBXNativeTarget;
			buildConfigurationList = C01FCF4A08A954540054247B /* Build configuration list for PBXNativeTarget "MacDroidNotifier" */;
			buildPhases = (
				8D1107290486CEB800E47090 /* Resources */,
				8D11072C0486CEB800E47090 /* Sources */,
				8D11072E0486CEB800E47090 /* Frameworks */,
				3775412310E5BDB800A21D89 /* Copy Frameworks */,
			);
			buildRules = (
			);
			dependencies = (
			);
			name = MacDroidNotifier;
			productInstallPath = "$(HOME)/Applications";
			productName = MacDroidNotifier;
			productReference = 8D1107320486CEB800E47090 /* MacDroidNotifier.app */;
			productType = "com.apple.product-type.application";
		};
/* End PBXNativeTarget section */

/* Begin PBXProject section */
		29B97313FDCFA39411CA2CEA /* Project object */ = {
			isa = PBXProject;
			buildConfigurationList = C01FCF4E08A954540054247B /* Build configuration list for PBXProject "MacDroidNotifier" */;
			compatibilityVersion = "Xcode 3.1";
			hasScannedForEncodings = 1;
			knownRegions = (
				English,
				Japanese,
				French,
				German,
				pt_BR,
			);
			mainGroup = 29B97314FDCFA39411CA2CEA /* MacDroidNotifier */;
			projectDirPath = "";
			projectRoot = "";
			targets = (
				8D1107260486CEB800E47090 /* MacDroidNotifier */,
			);
		};
/* End PBXProject section */

/* Begin PBXResourcesBuildPhase section */
		8D1107290486CEB800E47090 /* Resources */ = {
			isa = PBXResourcesBuildPhase;
			buildActionMask = 2147483647;
			files = (
				3775412510E5BDF300A21D89 /* MacDroidNotifier.growlRegDict in Resources */,
				8D11072B0486CEB800E47090 /* InfoPlist.strings in Resources */,
				1DDD58160DA1D0A300B32029 /* UI.xib in Resources */,
				3775426910E5D70900A21D89 /* BluetoothService.plist in Resources */,
				379B996E10E803DD007B1FCA /* menuicon.png in Resources */,
				378BBCEA10E97A66008D07A1 /* Localizable.strings in Resources */,
			);
			runOnlyForDeploymentPostprocessing = 0;
		};
/* End PBXResourcesBuildPhase section */

/* Begin PBXSourcesBuildPhase section */
		8D11072C0486CEB800E47090 /* Sources */ = {
			isa = PBXSourcesBuildPhase;
			buildActionMask = 2147483647;
			files = (
				8D11072D0486CEB800E47090 /* main.m in Sources */,
				37753DCD10E5639C00A21D89 /* MainController.m in Sources */,
				37753DD110E563E600A21D89 /* WifiNotificationListener.m in Sources */,
				37753DD410E563F300A21D89 /* BluetoothNotificationListener.m in Sources */,
				37753E6410E56C9700A21D89 /* NotificationManager.m in Sources */,
				37753E6710E56CA800A21D89 /* NotificationView.m in Sources */,
				37753E6F10E56E0300A21D89 /* Notification.m in Sources */,
				37753F7410E5893600A21D89 /* AsyncUdpSocket.m in Sources */,
				3775407F10E5B1C800A21D89 /* Growl.m in Sources */,
				379B99AC10E83A6D007B1FCA /* Preferences.m in Sources */,
				379B9A6310E87759007B1FCA /* StartupItem.m in Sources */,
			);
			runOnlyForDeploymentPostprocessing = 0;
		};
/* End PBXSourcesBuildPhase section */

/* Begin PBXVariantGroup section */
		089C165CFE840E0CC02AAC07 /* InfoPlist.strings */ = {
			isa = PBXVariantGroup;
			children = (
				089C165DFE840E0CC02AAC07 /* English */,
			);
			name = InfoPlist.strings;
			sourceTree = "<group>";
		};
		1DDD58140DA1D0A300B32029 /* UI.xib */ = {
			isa = PBXVariantGroup;
			children = (
				1DDD58150DA1D0A300B32029 /* English */,
			);
			name = UI.xib;
			sourceTree = "<group>";
		};
		378BBCE810E97A66008D07A1 /* Localizable.strings */ = {
			isa = PBXVariantGroup;
			children = (
				378BBCE910E97A66008D07A1 /* English */,
				378BBCFB10E97ACC008D07A1 /* pt_BR */,
			);
			name = Localizable.strings;
			sourceTree = "<group>";
		};
/* End PBXVariantGroup section */

/* Begin XCBuildConfiguration section */
		C01FCF4B08A954540054247B /* Debug */ = {
			isa = XCBuildConfiguration;
			buildSettings = {
				ALWAYS_SEARCH_USER_PATHS = NO;
				COPY_PHASE_STRIP = NO;
				FRAMEWORK_SEARCH_PATHS = (
					"$(inherited)",
					"\"$(SRCROOT)\"",
				);
				GCC_DYNAMIC_NO_PIC = NO;
				GCC_ENABLE_FIX_AND_CONTINUE = YES;
				GCC_MODEL_TUNING = G5;
				GCC_OPTIMIZATION_LEVEL = 0;
				GCC_PRECOMPILE_PREFIX_HEADER = YES;
				GCC_PREFIX_HEADER = MacDroidNotifier_Prefix.pch;
				INFOPLIST_FILE = Info.plist;
				INSTALL_PATH = "$(HOME)/Applications";
				PRODUCT_NAME = MacDroidNotifier;
			};
			name = Debug;
		};
		C01FCF4C08A954540054247B /* Release */ = {
			isa = XCBuildConfiguration;
			buildSettings = {
				ALWAYS_SEARCH_USER_PATHS = NO;
				DEBUG_INFORMATION_FORMAT = "dwarf-with-dsym";
				FRAMEWORK_SEARCH_PATHS = (
					"$(inherited)",
					"\"$(SRCROOT)\"",
				);
				GCC_MODEL_TUNING = G5;
				GCC_PRECOMPILE_PREFIX_HEADER = YES;
				GCC_PREFIX_HEADER = MacDroidNotifier_Prefix.pch;
				INFOPLIST_FILE = Info.plist;
				INSTALL_PATH = "$(HOME)/Applications";
				PRODUCT_NAME = MacDroidNotifier;
			};
			name = Release;
		};
		C01FCF4F08A954540054247B /* Debug */ = {
			isa = XCBuildConfiguration;
			buildSettings = {
				ARCHS = "$(ARCHS_STANDARD_32_BIT)";
				GCC_C_LANGUAGE_STANDARD = c99;
				GCC_OPTIMIZATION_LEVEL = 0;
				GCC_WARN_ABOUT_RETURN_TYPE = YES;
				GCC_WARN_UNUSED_VARIABLE = YES;
				ONLY_ACTIVE_ARCH = YES;
				PREBINDING = NO;
				SDKROOT = macosx10.5;
			};
			name = Debug;
		};
		C01FCF5008A954540054247B /* Release */ = {
			isa = XCBuildConfiguration;
			buildSettings = {
				ARCHS = "$(ARCHS_STANDARD_32_BIT)";
				GCC_C_LANGUAGE_STANDARD = c99;
				GCC_WARN_ABOUT_RETURN_TYPE = YES;
				GCC_WARN_UNUSED_VARIABLE = YES;
				PREBINDING = NO;
				SDKROOT = macosx10.5;
			};
			name = Release;
		};
/* End XCBuildConfiguration section */

/* Begin XCConfigurationList section */
		C01FCF4A08A954540054247B /* Build configuration list for PBXNativeTarget "MacDroidNotifier" */ = {
			isa = XCConfigurationList;
			buildConfigurations = (
				C01FCF4B08A954540054247B /* Debug */,
				C01FCF4C08A954540054247B /* Release */,
			);
			defaultConfigurationIsVisible = 0;
			defaultConfigurationName = Release;
		};
		C01FCF4E08A954540054247B /* Build configuration list for PBXProject "MacDroidNotifier" */ = {
			isa = XCConfigurationList;
			buildConfigurations = (
				C01FCF4F08A954540054247B /* Debug */,
				C01FCF5008A954540054247B /* Release */,
			);
			defaultConfigurationIsVisible = 0;
			defaultConfigurationName = Release;
		};
/* End XCConfigurationList section */
	};
	rootObject = 29B97313FDCFA39411CA2CEA /* Project object */;
}
